
Microsoft Visual Studio Solution File, Format Version 12.00
# Visual Studio Version 17
VisualStudioVersion = 17.14.36717.8
MinimumVisualStudioVersion = 10.0.40219.1
Project("{FAE04EC0-301F-11D3-BF4B-00C04F79EFBC}") = "TemplateProject", "TemplateProject\TemplateProject.csproj", "{76377CD5-979A-8592-B162-AA1F91E5514C}"
EndProject
Project("{FAE04EC0-301F-11D3-BF4B-00C04F79EFBC}") = "AoCUtilities", "AoCUtilities\AoCUtilities.csproj", "{A1580C5E-CB30-37F0-348A-09E07A2940FB}"
EndProject
Project("{FAE04EC0-301F-11D3-BF4B-00C04F79EFBC}") = "Day_01_Inverse_Captcha", "Day_01_Inverse_Captcha\Day_01_Inverse_Captcha.csproj", "{99773C29-4251-486E-9FFE-7EDBEA3022D3}"
EndProject
Project("{FAE04EC0-301F-11D3-BF4B-00C04F79EFBC}") = "Day_02_Corruption_Checksum", "Day_02_Corruption_Checksum\Day_02_Corruption_Checksum.csproj", "{3D368E4D-E32D-4CA5-A268-B0F98F2302CD}"
EndProject
Project("{FAE04EC0-301F-11D3-BF4B-00C04F79EFBC}") = "Day_03_Spiral_Memory", "Day_03_Spiral_Memory\Day_03_Spiral_Memory.csproj", "{4B678550-9AC2-4010-BD11-671A586CE111}"
EndProject
Project("{FAE04EC0-301F-11D3-BF4B-00C04F79EFBC}") = "Day_04_High-Entropy_Passphrases", "Day_04_High-Entropy_Passphrases\Day_04_High-Entropy_Passphrases.csproj", "{1C9E112C-99BA-4EF2-8584-13A5433B0A1B}"
EndProject
Project("{FAE04EC0-301F-11D3-BF4B-00C04F79EFBC}") = "Day_05_A_Maze_of_Twisty_Trampolines_All_Alike", "Day_05_A_Maze_of_Twisty_Trampolines_All_Alike\Day_05_A_Maze_of_Twisty_Trampolines_All_Alike.csproj", "{D51D7057-B563-4DF7-9CB3-7B0E918CC20D}"
EndProject
Project("{FAE04EC0-301F-11D3-BF4B-00C04F79EFBC}") = "Day_06_Memory_Reallocation", "Day_06_Memory_Reallocation\Day_06_Memory_Reallocation.csproj", "{67A3E449-E53C-4D1C-8EE6-A2C08FAF5D76}"
EndProject
Global
	GlobalSection(SolutionConfigurationPlatforms) = preSolution
		Debug|Any CPU = Debug|Any CPU
		Release|Any CPU = Release|Any CPU
	EndGlobalSection
	GlobalSection(ProjectConfigurationPlatforms) = postSolution
		{76377CD5-979A-8592-B162-AA1F91E5514C}.Debug|Any CPU.ActiveCfg = Debug|Any CPU
		{76377CD5-979A-8592-B162-AA1F91E5514C}.Debug|Any CPU.Build.0 = Debug|Any CPU
		{76377CD5-979A-8592-B162-AA1F91E5514C}.Release|Any CPU.ActiveCfg = Release|Any CPU
		{76377CD5-979A-8592-B162-AA1F91E5514C}.Release|Any CPU.Build.0 = Release|Any CPU
		{A1580C5E-CB30-37F0-348A-09E07A2940FB}.Debug|Any CPU.ActiveCfg = Debug|Any CPU
		{A1580C5E-CB30-37F0-348A-09E07A2940FB}.Debug|Any CPU.Build.0 = Debug|Any CPU
		{A1580C5E-CB30-37F0-348A-09E07A2940FB}.Release|Any CPU.ActiveCfg = Release|Any CPU
		{A1580C5E-CB30-37F0-348A-09E07A2940FB}.Release|Any CPU.Build.0 = Release|Any CPU
		{99773C29-4251-486E-9FFE-7EDBEA3022D3}.Debug|Any CPU.ActiveCfg = Debug|Any CPU
		{99773C29-4251-486E-9FFE-7EDBEA3022D3}.Debug|Any CPU.Build.0 = Debug|Any CPU
		{99773C29-4251-486E-9FFE-7EDBEA3022D3}.Release|Any CPU.ActiveCfg = Release|Any CPU
		{99773C29-4251-486E-9FFE-7EDBEA3022D3}.Release|Any CPU.Build.0 = Release|Any CPU
		{3D368E4D-E32D-4CA5-A268-B0F98F2302CD}.Debug|Any CPU.ActiveCfg = Debug|Any CPU
		{3D368E4D-E32D-4CA5-A268-B0F98F2302CD}.Debug|Any CPU.Build.0 = Debug|Any CPU
		{3D368E4D-E32D-4CA5-A268-B0F98F2302CD}.Release|Any CPU.ActiveCfg = Release|Any CPU
		{3D368E4D-E32D-4CA5-A268-B0F98F2302CD}.Release|Any CPU.Build.0 = Release|Any CPU
		{4B678550-9AC2-4010-BD11-671A586CE111}.Debug|Any CPU.ActiveCfg = Debug|Any CPU
		{4B678550-9AC2-4010-BD11-671A586CE111}.Debug|Any CPU.Build.0 = Debug|Any CPU
		{4B678550-9AC2-4010-BD11-671A586CE111}.Release|Any CPU.ActiveCfg = Release|Any CPU
		{4B678550-9AC2-4010-BD11-671A586CE111}.Release|Any CPU.Build.0 = Release|Any CPU
		{1C9E112C-99BA-4EF2-8584-13A5433B0A1B}.Debug|Any CPU.ActiveCfg = Debug|Any CPU
		{1C9E112C-99BA-4EF2-8584-13A5433B0A1B}.Debug|Any CPU.Build.0 = Debug|Any CPU
		{1C9E112C-99BA-4EF2-8584-13A5433B0A1B}.Release|Any CPU.ActiveCfg = Release|Any CPU
		{1C9E112C-99BA-4EF2-8584-13A5433B0A1B}.Release|Any CPU.Build.0 = Release|Any CPU
		{D51D7057-B563-4DF7-9CB3-7B0E918CC20D}.Debug|Any CPU.ActiveCfg = Debug|Any CPU
		{D51D7057-B563-4DF7-9CB3-7B0E918CC20D}.Debug|Any CPU.Build.0 = Debug|Any CPU
		{D51D7057-B563-4DF7-9CB3-7B0E918CC20D}.Release|Any CPU.ActiveCfg = Release|Any CPU
		{D51D7057-B563-4DF7-9CB3-7B0E918CC20D}.Release|Any CPU.Build.0 = Release|Any CPU
		{67A3E449-E53C-4D1C-8EE6-A2C08FAF5D76}.Debug|Any CPU.ActiveCfg = Debug|Any CPU
		{67A3E449-E53C-4D1C-8EE6-A2C08FAF5D76}.Debug|Any CPU.Build.0 = Debug|Any CPU
		{67A3E449-E53C-4D1C-8EE6-A2C08FAF5D76}.Release|Any CPU.ActiveCfg = Release|Any CPU
		{67A3E449-E53C-4D1C-8EE6-A2C08FAF5D76}.Release|Any CPU.Build.0 = Release|Any CPU
	EndGlobalSection
	GlobalSection(SolutionProperties) = preSolution
		HideSolutionNode = FALSE
	EndGlobalSection
	GlobalSection(ExtensibilityGlobals) = postSolution
		SolutionGuid = {F590AC64-65F7-4FE5-9C2D-D0066A2C4D72}
	EndGlobalSection
EndGlobal
